
Microsoft Visual Studio Solution File, Format Version 12.00
# Visual Studio Version 16
VisualStudioVersion = 16.0.30523.141
MinimumVisualStudioVersion = 10.0.40219.1
Project("{FAE04EC0-301F-11D3-BF4B-00C04F79EFBC}") = "AvaloniaControlCatalog", "AvaloniaControlCatalog.csproj", "{059B9697-8C3B-424C-9ABA-858C6B12D4A2}"
EndProject
Global
	GlobalSection(SolutionConfigurationPlatforms) = preSolution
		Debug|Any CPU = Debug|Any CPU
		Release|Any CPU = Release|Any CPU
	EndGlobalSection
	GlobalSection(ProjectConfigurationPlatforms) = postSolution
		{059B9697-8C3B-424C-9ABA-858C6B12D4A2}.Debug|Any CPU.ActiveCfg = Debug|Any CPU
		{059B9697-8C3B-424C-9ABA-858C6B12D4A2}.Debug|Any CPU.Build.0 = Debug|Any CPU
		{059B9697-8C3B-424C-9ABA-858C6B12D4A2}.Release|Any CPU.ActiveCfg = Release|Any CPU
		{059B9697-8C3B-424C-9ABA-858C6B12D4A2}.Release|Any CPU.Build.0 = Release|Any CPU
	EndGlobalSection
	GlobalSection(SolutionProperties) = preSolution
		HideSolutionNode = FALSE
	EndGlobalSection
	GlobalSection(ExtensibilityGlobals) = postSolution
		SolutionGuid = {99DCDF5D-FF00-4AEB-B236-F699FAED7226}
	EndGlobalSection
EndGlobal
